// !$*UTF8*$!
{
	archiveVersion = 1;
	classes = {
	};
	objectVersion = 46;
	objects = {

/* Begin PBXBuildFile section */
		852140D11D88FAC20021EC3D /* main.m in Sources */ = {isa = PBXBuildFile; fileRef = 852140D01D88FAC20021EC3D /* main.m */; };
		852140D41D88FAC20021EC3D /* AppDelegate.m in Sources */ = {isa = PBXBuildFile; fileRef = 852140D31D88FAC20021EC3D /* AppDelegate.m */; };
		852140D71D88FAC20021EC3D /* ViewController.m in Sources */ = {isa = PBXBuildFile; fileRef = 852140D61D88FAC20021EC3D /* ViewController.m */; };
		852140DA1D88FAC20021EC3D /* Main.storyboard in Resources */ = {isa = PBXBuildFile; fileRef = 852140D81D88FAC20021EC3D /* Main.storyboard */; };
		852140DC1D88FAC20021EC3D /* Assets.xcassets in Resources */ = {isa = PBXBuildFile; fileRef = 852140DB1D88FAC20021EC3D /* Assets.xcassets */; };
		852140DF1D88FAC20021EC3D /* LaunchScreen.storyboard in Resources */ = {isa = PBXBuildFile; fileRef = 852140DD1D88FAC20021EC3D /* LaunchScreen.storyboard */; };
/* End PBXBuildFile section */

/* Begin PBXFileReference section */
		852140CC1D88FAC20021EC3D /* UserfulClasses.app */ = {isa = PBXFileReference; explicitFileType = wrapper.application; includeInIndex = 0; path = UserfulClasses.app; sourceTree = BUILT_PRODUCTS_DIR; };
		852140D01D88FAC20021EC3D /* main.m */ = {isa = PBXFileReference; lastKnownFileType = sourcecode.c.objc; path = main.m; sourceTree = "<group>"; };
		852140D21D88FAC20021EC3D /* AppDelegate.h */ = {isa = PBXFileReference; lastKnownFileType = sourcecode.c.h; path = AppDelegate.h; sourceTree = "<group>"; };
		852140D31D88FAC20021EC3D /* AppDelegate.m */ = {isa = PBXFileReference; lastKnownFileType = sourcecode.c.objc; path = AppDelegate.m; sourceTree = "<group>"; };
		852140D51D88FAC20021EC3D /* ViewController.h */ = {isa = PBXFileReference; lastKnownFileType = sourcecode.c.h; path = ViewController.h; sourceTree = "<group>"; };
		852140D61D88FAC20021EC3D /* ViewController.m */ = {isa = PBXFileReference; lastKnownFileType = sourcecode.c.objc; path = ViewController.m; sourceTree = "<group>"; };
		852140D91D88FAC20021EC3D /* Base */ = {isa = PBXFileReference; lastKnownFileType = file.storyboard; name = Base; path = Base.lproj/Main.storyboard; sourceTree = "<group>"; };
		852140DB1D88FAC20021EC3D /* Assets.xcassets */ = {isa = PBXFileReference; lastKnownFileType = folder.assetcatalog; path = Assets.xcassets; sourceTree = "<group>"; };
		852140DE1D88FAC20021EC3D /* Base */ = {isa = PBXFileReference; lastKnownFileType = file.storyboard; name = Base; path = Base.lproj/LaunchScreen.storyboard; sourceTree = "<group>"; };
		852140E01D88FAC20021EC3D /* Info.plist */ = {isa = PBXFileReference; lastKnownFileType = text.plist.xml; path = Info.plist; sourceTree = "<group>"; };
/* End PBXFileReference section */

/* Begin PBXFrameworksBuildPhase section */
		852140C91D88FAC20021EC3D /* Frameworks */ = {
			isa = PBXFrameworksBuildPhase;
			buildActionMask = 2147483647;
			files = (
			);
			runOnlyForDeploymentPostprocessing = 0;
		};
/* End PBXFrameworksBuildPhase section */

/* Begin PBXGroup section */
		852140C31D88FAC20021EC3D = {
			isa = PBXGroup;
			children = (
				852140CE1D88FAC20021EC3D /* UserfulClasses */,
				852140CD1D88FAC20021EC3D /* Products */,
			);
			sourceTree = "<group>";
		};
		852140CD1D88FAC20021EC3D /* Products */ = {
			isa = PBXGroup;
			children = (
				852140CC1D88FAC20021EC3D /* UserfulClasses.app */,
			);
			name = Products;
			sourceTree = "<group>";
		};
		852140CE1D88FAC20021EC3D /* UserfulClasses */ = {
			isa = PBXGroup;
			children = (
				852140D21D88FAC20021EC3D /* AppDelegate.h */,
				852140D31D88FAC20021EC3D /* AppDelegate.m */,
				852140D51D88FAC20021EC3D /* ViewController.h */,
				852140D61D88FAC20021EC3D /* ViewController.m */,
				852140D81D88FAC20021EC3D /* Main.storyboard */,
				852140DB1D88FAC20021EC3D /* Assets.xcassets */,
				852140DD1D88FAC20021EC3D /* LaunchScreen.storyboard */,
				852140E01D88FAC20021EC3D /* Info.plist */,
				852140CF1D88FAC20021EC3D /* Supporting Files */,
			);
			path = UserfulClasses;
			sourceTree = "<group>";
		};
		852140CF1D88FAC20021EC3D /* Supporting Files */ = {
			isa = PBXGroup;
			children = (
				852140D01D88FAC20021EC3D /* main.m */,
			);
			name = "Supporting Files";
			sourceTree = "<group>";
		};
/* End PBXGroup section */

/* Begin PBXNativeTarget section */
		852140CB1D88FAC20021EC3D /* UserfulClasses */ = {
			isa = PBXNativeTarget;
			buildConfigurationList = 852140E31D88FAC20021EC3D /* Build configuration list for PBXNativeTarget "UserfulClasses" */;
			buildPhases = (
				852140C81D88FAC20021EC3D /* Sources */,
				852140C91D88FAC20021EC3D /* Frameworks */,
				852140CA1D88FAC20021EC3D /* Resources */,
			);
			buildRules = (
			);
			dependencies = (
			);
			name = UserfulClasses;
			productName = UserfulClasses;
			productReference = 852140CC1D88FAC20021EC3D /* UserfulClasses.app */;
			productType = "com.apple.product-type.application";
		};
/* End PBXNativeTarget section */

/* Begin PBXProject section */
		852140C41D88FAC20021EC3D /* Project object */ = {
			isa = PBXProject;
			attributes = {
				LastUpgradeCheck = 0730;
				ORGANIZATIONNAME = Jude;
				TargetAttributes = {
					852140CB1D88FAC20021EC3D = {
						CreatedOnToolsVersion = 7.3.1;
					};
				};
			};
			buildConfigurationList = 852140C71D88FAC20021EC3D /* Build configuration list for PBXProject "UserfulClasses" */;
			compatibilityVersion = "Xcode 3.2";
			developmentRegion = English;
			hasScannedForEncodings = 0;
			knownRegions = (
				en,
				Base,
			);
			mainGroup = 852140C31D88FAC20021EC3D;
			productRefGroup = 852140CD1D88FAC20021EC3D /* Products */;
			projectDirPath = "";
			projectRoot = "";
			targets = (
				852140CB1D88FAC20021EC3D /* UserfulClasses */,
			);
		};
/* End PBXProject section */

/* Begin PBXResourcesBuildPhase section */
		852140CA1D88FAC20021EC3D /* Resources */ = {
			isa = PBXResourcesBuildPhase;
			buildActionMask = 2147483647;
			files = (
				852140DF1D88FAC20021EC3D /* LaunchScreen.storyboard in Resources */,
				852140DC1D88FAC20021EC3D /* Assets.xcassets in Resources */,
				852140DA1D88FAC20021EC3D /* Main.storyboard in Resources */,
			);
			runOnlyForDeploymentPostprocessing = 0;
		};
/* End PBXResourcesBuildPhase section */

/* Begin PBXSourcesBuildPhase section */
		852140C81D88FAC20021EC3D /* Sources */ = {
			isa = PBXSourcesBuildPhase;
			buildActionMask = 2147483647;
			files = (
				852140D71D88FAC20021EC3D /* ViewController.m in Sources */,
				852140D41D88FAC20021EC3D /* AppDelegate.m in Sources */,
				852140D11D88FAC20021EC3D /* main.m in Sources */,
			);
			runOnlyForDeploymentPostprocessing = 0;
		};
/* End PBXSourcesBuildPhase section */

/* Begin PBXVariantGroup section */
		852140D81D88FAC20021EC3D /* Main.storyboard */ = {
			isa = PBXVariantGroup;
			children = (
				852140D91D88FAC20021EC3D /* Base */,
			);
			name = Main.storyboard;
			sourceTree = "<group>";
		};
		852140DD1D88FAC20021EC3D /* LaunchScreen.storyboard */ = {
			isa = PBXVariantGroup;
			children = (
				852140DE1D88FAC20021EC3D /* Base */,
			);
			name = LaunchScreen.storyboard;
			sourceTree = "<group>";
		};
/* End PBXVariantGroup section */

/* Begin XCBuildConfiguration section */
		852140E11D88FAC20021EC3D /* Debug */ = {
			isa = XCBuildConfiguration;
			buildSettings = {
				ALWAYS_SEARCH_USER_PATHS = NO;
				CLANG_ANALYZER_NONNULL = YES;
				CLANG_CXX_LANGUAGE_STANDARD = "gnu++0x";
				CLANG_CXX_LIBRARY = "libc++";
				CLANG_ENABLE_MODULES = YES;
				CLANG_ENABLE_OBJC_ARC = YES;
				CLANG_WARN_BOOL_CONVERSION = YES;
				CLANG_WARN_CONSTANT_CONVERSION = YES;
				CLANG_WARN_DIRECT_OBJC_ISA_USAGE = YES_ERROR;
				CLANG_WARN_EMPTY_BODY = YES;
				CLANG_WARN_ENUM_CONVERSION = YES;
				CLANG_WARN_INT_CONVERSION = YES;
				CLANG_WARN_OBJC_ROOT_CLASS = YES_ERROR;
				CLANG_WARN_UNREACHABLE_CODE = YES;
				CLANG_WARN__DUPLICATE_METHOD_MATCH = YES;
				"CODE_SIGN_IDENTITY[sdk=iphoneos*]" = "iPhone Developer";
				COPY_PHASE_STRIP = NO;
				DEBUG_INFORMATION_FORMAT = dwarf;
				ENABLE_STRICT_OBJC_MSGSEND = YES;
				ENABLE_TESTABILITY = YES;
				GCC_C_LANGUAGE_STANDARD = gnu99;
				GCC_DYNAMIC_NO_PIC = NO;
				GCC_NO_COMMON_BLOCKS = YES;
				GCC_OPTIMIZATION_LEVEL = 0;
				GCC_PREPROCESSOR_DEFINITIONS = (
					"DEBUG=1",
					"$(inherited)",
				);
				GCC_WARN_64_TO_32_BIT_CONVERSION = YES;
				GCC_WARN_ABOUT_RETURN_TYPE = YES_ERROR;
				GCC_WARN_UNDECLARED_SELECTOR = YES;
				GCC_WARN_UNINITIALIZED_AUTOS = YES_AGGRESSIVE;
				GCC_WARN_UNUSED_FUNCTION = YES;
				GCC_WARN_UNUSED_VARIABLE = YES;
				IPHONEOS_DEPLOYMENT_TARGET = 9.3;
				MTL_ENABLE_DEBUG_INFO = YES;
				ONLY_ACTIVE_ARCH = YES;
				SDKROOT = iphoneos;
				TARGETED_DEVICE_FAMILY = "1,2";
			};
			name = Debug;
		};
		852140E21D88FAC20021EC3D /* Release */ = {
			isa = XCBuildConfiguration;
			buildSettings = {
				ALWAYS_SEARCH_USER_PATHS = NO;
				CLANG_ANALYZER_NONNULL = YES;
				CLANG_CXX_LANGUAGE_STANDARD = "gnu++0x";
				CLANG_CXX_LIBRARY = "libc++";
				CLANG_ENABLE_MODULES = YES;
				CLANG_ENABLE_OBJC_ARC = YES;
				CLANG_WARN_BOOL_CONVERSION = YES;
				CLANG_WARN_CONSTANT_CONVERSION = YES;
				CLANG_WARN_DIRECT_OBJC_ISA_USAGE = YES_ERROR;
				CLANG_WARN_EMPTY_BODY = YES;
				CLANG_WARN_ENUM_CONVERSION = YES;
				CLANG_WARN_INT_CONVERSION = YES;
				CLANG_WARN_OBJC_ROOT_CLASS = YES_ERROR;
				CLANG_WARN_UNREACHABLE_CODE = YES;
				CLANG_WARN__DUPLICATE_METHOD_MATCH = YES;
				"CODE_SIGN_IDENTITY[sdk=iphoneos*]" = "iPhone Developer";
				COPY_PHASE_STRIP = NO;
				DEBUG_INFORMATION_FORMAT = "dwarf-with-dsym";
				ENABLE_NS_ASSERTIONS = NO;
				ENABLE_STRICT_OBJC_MSGSEND = YES;
				GCC_C_LANGUAGE_STANDARD = gnu99;
				GCC_NO_COMMON_BLOCKS = YES;
				GCC_WARN_64_TO_32_BIT_CONVERSION = YES;
				GCC_WARN_ABOUT_RETURN_TYPE = YES_ERROR;
				GCC_WARN_UNDECLARED_SELECTOR = YES;
				GCC_WARN_UNINITIALIZED_AUTOS = YES_AGGRESSIVE;
				GCC_WARN_UNUSED_FUNCTION = YES;
				GCC_WARN_UNUSED_VARIABLE = YES;
				IPHONEOS_DEPLOYMENT_TARGET = 9.3;
				MTL_ENABLE_DEBUG_INFO = NO;
				SDKROOT = iphoneos;
				TARGETED_DEVICE_FAMILY = "1,2";
				VALIDATE_PRODUCT = YES;
			};
			name = Release;
		};
		852140E41D88FAC20021EC3D /* Debug */ = {
			isa = XCBuildConfiguration;
			buildSettings = {
				ASSETCATALOG_COMPILER_APPICON_NAME = AppIcon;
				INFOPLIST_FILE = UserfulClasses/Info.plist;
				LD_RUNPATH_SEARCH_PATHS = "$(inherited) @executable_path/Frameworks";
				PRODUCT_BUNDLE_IDENTIFIER = JD.UserfulClasses;
				PRODUCT_NAME = "$(TARGET_NAME)";
			};
			name = Debug;
		};
		852140E51D88FAC20021EC3D /* Release */ = {
			isa = XCBuildConfiguration;
			buildSettings = {
				ASSETCATALOG_COMPILER_APPICON_NAME = AppIcon;
				INFOPLIST_FILE = UserfulClasses/Info.plist;
				LD_RUNPATH_SEARCH_PATHS = "$(inherited) @executable_path/Frameworks";
				PRODUCT_BUNDLE_IDENTIFIER = JD.UserfulClasses;
				PRODUCT_NAME = "$(TARGET_NAME)";
			};
			name = Release;
		};
/* End XCBuildConfiguration section */

/* Begin XCConfigurationList section */
		852140C71D88FAC20021EC3D /* Build configuration list for PBXProject "UserfulClasses" */ = {
			isa = XCConfigurationList;
			buildConfigurations = (
				852140E11D88FAC20021EC3D /* Debug */,
				852140E21D88FAC20021EC3D /* Release */,
			);
			defaultConfigurationIsVisible = 0;
			defaultConfigurationName = Release;
		};
		852140E31D88FAC20021EC3D /* Build configuration list for PBXNativeTarget "UserfulClasses" */ = {
			isa = XCConfigurationList;
			buildConfigurations = (
				852140E41D88FAC20021EC3D /* Debug */,
				852140E51D88FAC20021EC3D /* Release */,
			);
			defaultConfigurationIsVisible = 0;
		};
/* End XCConfigurationList section */
	};
	rootObject = 852140C41D88FAC20021EC3D /* Project object */;
}
